
Microsoft Visual Studio Solution File, Format Version 12.00
# Visual Studio Version 17
VisualStudioVersion = 17.5.002.0
MinimumVisualStudioVersion = 10.0.40219.1
Project("{9A19103F-16F7-4668-BE54-9A1E7A4F7556}") = "Task2", "Task2.csproj", "{DF9A384B-49B5-418E-82CF-6EF0340B69F0}"
EndProject
Global
	GlobalSection(SolutionConfigurationPlatforms) = preSolution
		Debug|Any CPU = Debug|Any CPU
		Release|Any CPU = Release|Any CPU
	EndGlobalSection
	GlobalSection(ProjectConfigurationPlatforms) = postSolution
		{DF9A384B-49B5-418E-82CF-6EF0340B69F0}.Debug|Any CPU.ActiveCfg = Debug|Any CPU
		{DF9A384B-49B5-418E-82CF-6EF0340B69F0}.Debug|Any CPU.Build.0 = Debug|Any CPU
		{DF9A384B-49B5-418E-82CF-6EF0340B69F0}.Release|Any CPU.ActiveCfg = Release|Any CPU
		{DF9A384B-49B5-418E-82CF-6EF0340B69F0}.Release|Any CPU.Build.0 = Release|Any CPU
	EndGlobalSection
	GlobalSection(SolutionProperties) = preSolution
		HideSolutionNode = FALSE
	EndGlobalSection
	GlobalSection(ExtensibilityGlobals) = postSolution
		SolutionGuid = {61A26A26-85B4-4361-B6A8-F0A0D886BE4E}
	EndGlobalSection
EndGlobal
